
Microsoft Visual Studio Solution File, Format Version 12.00
# Visual Studio Version 16
VisualStudioVersion = 16.0.31005.135
MinimumVisualStudioVersion = 10.0.40219.1
Project("{FAE04EC0-301F-11D3-BF4B-00C04F79EFBC}") = "Platform.Entities", "Platform.Entities\Platform.Entities.csproj", "{182D441D-2AB7-4586-B24C-0335D4A8F2CD}"
EndProject
Project("{FAE04EC0-301F-11D3-BF4B-00C04F79EFBC}") = "Platform.Interfaces", "Platform.Interfaces\Platform.Interfaces.csproj", "{3A5B8244-9C1C-435A-BCD6-4B0779770921}"
EndProject
Project("{FAE04EC0-301F-11D3-BF4B-00C04F79EFBC}") = "Platform.Dal", "Platform.Dal\Platform.Dal.csproj", "{F99A043D-DCA7-467B-92AC-14B852F040F2}"
EndProject
Project("{FAE04EC0-301F-11D3-BF4B-00C04F79EFBC}") = "Platform.Business", "Platform.Business\Platform.Business.csproj", "{E7BDA38B-D614-48F4-894F-52F2DF6679B5}"
EndProject
Project("{FAE04EC0-301F-11D3-BF4B-00C04F79EFBC}") = "Platform.MvcUI", "Platform.MvcUI\Platform.MvcUI.csproj", "{37F681DB-840C-4D59-AB4C-7A4E624DF607}"
EndProject
Global
	GlobalSection(SolutionConfigurationPlatforms) = preSolution
		Debug|Any CPU = Debug|Any CPU
		Release|Any CPU = Release|Any CPU
	EndGlobalSection
	GlobalSection(ProjectConfigurationPlatforms) = postSolution
		{182D441D-2AB7-4586-B24C-0335D4A8F2CD}.Debug|Any CPU.ActiveCfg = Debug|Any CPU
		{182D441D-2AB7-4586-B24C-0335D4A8F2CD}.Debug|Any CPU.Build.0 = Debug|Any CPU
		{182D441D-2AB7-4586-B24C-0335D4A8F2CD}.Release|Any CPU.ActiveCfg = Release|Any CPU
		{182D441D-2AB7-4586-B24C-0335D4A8F2CD}.Release|Any CPU.Build.0 = Release|Any CPU
		{3A5B8244-9C1C-435A-BCD6-4B0779770921}.Debug|Any CPU.ActiveCfg = Debug|Any CPU
		{3A5B8244-9C1C-435A-BCD6-4B0779770921}.Debug|Any CPU.Build.0 = Debug|Any CPU
		{3A5B8244-9C1C-435A-BCD6-4B0779770921}.Release|Any CPU.ActiveCfg = Release|Any CPU
		{3A5B8244-9C1C-435A-BCD6-4B0779770921}.Release|Any CPU.Build.0 = Release|Any CPU
		{F99A043D-DCA7-467B-92AC-14B852F040F2}.Debug|Any CPU.ActiveCfg = Debug|Any CPU
		{F99A043D-DCA7-467B-92AC-14B852F040F2}.Debug|Any CPU.Build.0 = Debug|Any CPU
		{F99A043D-DCA7-467B-92AC-14B852F040F2}.Release|Any CPU.ActiveCfg = Release|Any CPU
		{F99A043D-DCA7-467B-92AC-14B852F040F2}.Release|Any CPU.Build.0 = Release|Any CPU
		{E7BDA38B-D614-48F4-894F-52F2DF6679B5}.Debug|Any CPU.ActiveCfg = Debug|Any CPU
		{E7BDA38B-D614-48F4-894F-52F2DF6679B5}.Debug|Any CPU.Build.0 = Debug|Any CPU
		{E7BDA38B-D614-48F4-894F-52F2DF6679B5}.Release|Any CPU.ActiveCfg = Release|Any CPU
		{E7BDA38B-D614-48F4-894F-52F2DF6679B5}.Release|Any CPU.Build.0 = Release|Any CPU
		{37F681DB-840C-4D59-AB4C-7A4E624DF607}.Debug|Any CPU.ActiveCfg = Debug|Any CPU
		{37F681DB-840C-4D59-AB4C-7A4E624DF607}.Debug|Any CPU.Build.0 = Debug|Any CPU
		{37F681DB-840C-4D59-AB4C-7A4E624DF607}.Release|Any CPU.ActiveCfg = Release|Any CPU
		{37F681DB-840C-4D59-AB4C-7A4E624DF607}.Release|Any CPU.Build.0 = Release|Any CPU
	EndGlobalSection
	GlobalSection(SolutionProperties) = preSolution
		HideSolutionNode = FALSE
	EndGlobalSection
	GlobalSection(ExtensibilityGlobals) = postSolution
		SolutionGuid = {C97AF841-3227-4534-9D14-C762D4E099D0}
	EndGlobalSection
EndGlobal
